
Microsoft Visual Studio Solution File, Format Version 12.00
# Visual Studio Version 17
VisualStudioVersion = 17.6.33829.357
MinimumVisualStudioVersion = 10.0.40219.1
Project("{FAE04EC0-301F-11D3-BF4B-00C04F79EFBC}") = "JP_MVC", "JP_MVC\JP_MVC.csproj", "{00F343E4-CC27-4FA6-8EBD-12FA8A6F49DC}"
EndProject
Global
	GlobalSection(SolutionConfigurationPlatforms) = preSolution
		Debug|Any CPU = Debug|Any CPU
		Release|Any CPU = Release|Any CPU
	EndGlobalSection
	GlobalSection(ProjectConfigurationPlatforms) = postSolution
		{00F343E4-CC27-4FA6-8EBD-12FA8A6F49DC}.Debug|Any CPU.ActiveCfg = Debug|Any CPU
		{00F343E4-CC27-4FA6-8EBD-12FA8A6F49DC}.Debug|Any CPU.Build.0 = Debug|Any CPU
		{00F343E4-CC27-4FA6-8EBD-12FA8A6F49DC}.Release|Any CPU.ActiveCfg = Release|Any CPU
		{00F343E4-CC27-4FA6-8EBD-12FA8A6F49DC}.Release|Any CPU.Build.0 = Release|Any CPU
	EndGlobalSection
	GlobalSection(SolutionProperties) = preSolution
		HideSolutionNode = FALSE
	EndGlobalSection
	GlobalSection(ExtensibilityGlobals) = postSolution
		SolutionGuid = {DCA9E2B1-A7D5-4C75-8C31-2C28BD24763D}
	EndGlobalSection
EndGlobal
